
Microsoft Visual Studio Solution File, Format Version 12.00
# Visual Studio Version 17
VisualStudioVersion = 17.0.31919.166
MinimumVisualStudioVersion = 10.0.40219.1
Project("{FAE04EC0-301F-11D3-BF4B-00C04F79EFBC}") = "SonarQubeImplementation", "SonarQubeImplementation.csproj", "{2512984D-ACC9-4F21-AE03-BE0EE90DA344}"
EndProject
Global
	GlobalSection(SolutionConfigurationPlatforms) = preSolution
		Debug|Any CPU = Debug|Any CPU
		Release|Any CPU = Release|Any CPU
	EndGlobalSection
	GlobalSection(ProjectConfigurationPlatforms) = postSolution
		{2512984D-ACC9-4F21-AE03-BE0EE90DA344}.Debug|Any CPU.ActiveCfg = Debug|Any CPU
		{2512984D-ACC9-4F21-AE03-BE0EE90DA344}.Debug|Any CPU.Build.0 = Debug|Any CPU
		{2512984D-ACC9-4F21-AE03-BE0EE90DA344}.Release|Any CPU.ActiveCfg = Release|Any CPU
		{2512984D-ACC9-4F21-AE03-BE0EE90DA344}.Release|Any CPU.Build.0 = Release|Any CPU
	EndGlobalSection
	GlobalSection(SolutionProperties) = preSolution
		HideSolutionNode = FALSE
	EndGlobalSection
	GlobalSection(ExtensibilityGlobals) = postSolution
		SolutionGuid = {5CF2B5C1-24DB-463D-AC22-348D19A11324}
	EndGlobalSection
EndGlobal
